{
  "version": 1,
  "dependencies": {
    "net8.0-windows7.0": {
      "Dalamud.NET.Sdk": {
        "type": "Direct",
        "requested": "[10.0.0, )",
        "resolved": "10.0.0",
        "contentHash": "Wbz5WwhTBfuq9BwvY+nzl8bQA0m7B/lb1wmFKmlQL+u3eMf9rqziO7QF5piws9QxqKWx3CXMjW+jvgIVUe9oAg=="
      },
      "DalamudPackager": {
        "type": "Direct",
        "requested": "[2.1.13, )",
        "resolved": "2.1.13",
        "contentHash": "rMN1omGe8536f4xLMvx9NwfvpAc9YFFfeXJ1t4P4PE6Gu8WCIoFliR1sh07hM+bfODmesk/dvMbji7vNI+B/pQ=="
      }
    }
  }
}